lockfile_version: '1'
generated_at: '2026-08-18T15:41:17.169191+00:00'
apm_version: 0.28.0
dependencies:
- repo_url: scleond/emerald-city
  name: emerald-city
  host: github.com
  resolved_commit: 481860406b319eebf016236cf63febdb083e8d9d
  version: unknown
  package_type: skill_bundle
  deployed_files:
  - .agents/skills/boss-issue-loop
  - .agents/skills/boss-issue-loop/MODEL-SELECTION.md
  - .agents/skills/boss-issue-loop/ORCHESTRATION.md
  - .agents/skills/boss-issue-loop/SKILL.md
  - .agents/skills/boss-issue-loop/USAGE-HELPERS.md
  - .agents/skills/boss-issue-loop/orchestration/herdr.md
  - .agents/skills/boss-issue-loop/orchestration/paseo.md
  - .agents/skills/boss-issue-loop/scripts/get-codex-usage.ps1
  - .agents/skills/boss-issue-loop/scripts/get-codex-usage.sh
  - .agents/skills/boss-issue-loop/scripts/get-opencode-go-usage.ps1
  - .agents/skills/boss-issue-loop/scripts/get-opencode-go-usage.sh
  - .agents/skills/boss-issue-loop/scripts/tests/get-codex-usage.Tests.ps1
  - .agents/skills/boss-issue-loop/scripts/tests/get-opencode-go-usage.Tests.ps1
  deployed_file_hashes:
    .agents/skills/boss-issue-loop/MODEL-SELECTION.md: sha256:84d6c206c282eceb03e3f4a53b52fb13067d96fd3eace8a86a42893ea1cee4ab
    .agents/skills/boss-issue-loop/ORCHESTRATION.md: sha256:9787db58471ce2ea4fb9611427972f0d64effff5af81d8c8a96f7765275b96d5
    .agents/skills/boss-issue-loop/SKILL.md: sha256:9541242ad61c4f08115f6407d423a06159c59db6b7c83fdc2499c0b0e1da5052
    .agents/skills/boss-issue-loop/USAGE-HELPERS.md: sha256:84522e44dc589fba3062db8e689014b07ab843a39fd0e0dedb652ba2ceeb8b7d
    .agents/skills/boss-issue-loop/orchestration/herdr.md: sha256:70d3f00d01469a562f9205944828ecf146d72621c849a721179848495d3912ad
    .agents/skills/boss-issue-loop/orchestration/paseo.md: sha256:cf1a8ede4b494f269eb6fc018ef1572833097451b8a037f86c069fc9fb61d0f5
    .agents/skills/boss-issue-loop/scripts/get-codex-usage.ps1: sha256:284ce04cba5f19e6d10c021456420697c0b289b9a20d6754593bddce90d7945f
    .agents/skills/boss-issue-loop/scripts/get-codex-usage.sh: sha256:599ea79913bfea7d2cd15f3fa38876b2210bbb3aed68045e78b9a7e212cc0730
    .agents/skills/boss-issue-loop/scripts/get-opencode-go-usage.ps1: sha256:9b24e40896f5bd3d228e47beab8bdc8f6d8d5341cbd9466d0a95f165cccb3b69
    .agents/skills/boss-issue-loop/scripts/get-opencode-go-usage.sh: sha256:5ca070bfc6dba7c3d5ea73b67796b0f9c8eb5c1c2bf8cbbf7c52d6eb98e7cdd2
    .agents/skills/boss-issue-loop/scripts/tests/get-codex-usage.Tests.ps1: sha256:38c191b8dff12e688d3e105ee1b8d8df5fd99685e789a8a0ddbc8ba894e823a1
    .agents/skills/boss-issue-loop/scripts/tests/get-opencode-go-usage.Tests.ps1: sha256:32f664698ced8f60b537966d1e10e35f8020e335bf747ff988ccb4e06b7d88bb
  content_hash: sha256:236f948f4932099bb86aafabbfe2c2a656c0c5e379ef43761a0862a46c8f6ee9
  skill_subset:
  - boss-issue-loop
deployments:
- kind: project-relative
  target: codex
  value: .agents/skills/boss-issue-loop
  runtime: null
  scope: project
  owners:
  - scleond/emerald-city
  active_owner: scleond/emerald-city
  content_hash: null
- kind: project-relative
  target: codex
  value: .agents/skills/boss-issue-loop/MODEL-SELECTION.md
  runtime: null
  scope: project
  owners:
  - scleond/emerald-city
  active_owner: scleond/emerald-city
  content_hash: sha256:84d6c206c282eceb03e3f4a53b52fb13067d96fd3eace8a86a42893ea1cee4ab
- kind: project-relative
  target: codex
  value: .agents/skills/boss-issue-loop/ORCHESTRATION.md
  runtime: null
  scope: project
  owners:
  - scleond/emerald-city
  active_owner: scleond/emerald-city
  content_hash: sha256:9787db58471ce2ea4fb9611427972f0d64effff5af81d8c8a96f7765275b96d5
- kind: project-relative
  target: codex
  value: .agents/skills/boss-issue-loop/SKILL.md
  runtime: null
  scope: project
  owners:
  - scleond/emerald-city
  active_owner: scleond/emerald-city
  content_hash: sha256:9541242ad61c4f08115f6407d423a06159c59db6b7c83fdc2499c0b0e1da5052
- kind: project-relative
  target: codex
  value: .agents/skills/boss-issue-loop/USAGE-HELPERS.md
  runtime: null
  scope: project
  owners:
  - scleond/emerald-city
  active_owner: scleond/emerald-city
  content_hash: sha256:84522e44dc589fba3062db8e689014b07ab843a39fd0e0dedb652ba2ceeb8b7d
- kind: project-relative
  target: codex
  value: .agents/skills/boss-issue-loop/orchestration/herdr.md
  runtime: null
  scope: project
  owners:
  - scleond/emerald-city
  active_owner: scleond/emerald-city
  content_hash: sha256:70d3f00d01469a562f9205944828ecf146d72621c849a721179848495d3912ad
- kind: project-relative
  target: codex
  value: .agents/skills/boss-issue-loop/orchestration/paseo.md
  runtime: null
  scope: project
  owners:
  - scleond/emerald-city
  active_owner: scleond/emerald-city
  content_hash: sha256:cf1a8ede4b494f269eb6fc018ef1572833097451b8a037f86c069fc9fb61d0f5
- kind: project-relative
  target: codex
  value: .agents/skills/boss-issue-loop/scripts/get-codex-usage.ps1
  runtime: null
  scope: project
  owners:
  - scleond/emerald-city
  active_owner: scleond/emerald-city
  content_hash: sha256:284ce04cba5f19e6d10c021456420697c0b289b9a20d6754593bddce90d7945f
- kind: project-relative
  target: codex
  value: .agents/skills/boss-issue-loop/scripts/get-codex-usage.sh
  runtime: null
  scope: project
  owners:
  - scleond/emerald-city
  active_owner: scleond/emerald-city
  content_hash: sha256:599ea79913bfea7d2cd15f3fa38876b2210bbb3aed68045e78b9a7e212cc0730
- kind: project-relative
  target: codex
  value: .agents/skills/boss-issue-loop/scripts/get-opencode-go-usage.ps1
  runtime: null
  scope: project
  owners:
  - scleond/emerald-city
  active_owner: scleond/emerald-city
  content_hash: sha256:9b24e40896f5bd3d228e47beab8bdc8f6d8d5341cbd9466d0a95f165cccb3b69
- kind: project-relative
  target: codex
  value: .agents/skills/boss-issue-loop/scripts/get-opencode-go-usage.sh
  runtime: null
  scope: project
  owners:
  - scleond/emerald-city
  active_owner: scleond/emerald-city
  content_hash: sha256:5ca070bfc6dba7c3d5ea73b67796b0f9c8eb5c1c2bf8cbbf7c52d6eb98e7cdd2
- kind: project-relative
  target: codex
  value: .agents/skills/boss-issue-loop/scripts/tests/get-codex-usage.Tests.ps1
  runtime: null
  scope: project
  owners:
  - scleond/emerald-city
  active_owner: scleond/emerald-city
  content_hash: sha256:38c191b8dff12e688d3e105ee1b8d8df5fd99685e789a8a0ddbc8ba894e823a1
- kind: project-relative
  target: codex
  value: .agents/skills/boss-issue-loop/scripts/tests/get-opencode-go-usage.Tests.ps1
  runtime: null
  scope: project
  owners:
  - scleond/emerald-city
  active_owner: scleond/emerald-city
  content_hash: sha256:32f664698ced8f60b537966d1e10e35f8020e335bf747ff988ccb4e06b7d88bb
